// !$*UTF8*$!
{
	archiveVersion = 1;
	classes = {
	};
	objectVersion = 50;
	objects = {

/* Begin PBXBuildFile section */
		7661B13624064CEE0024BC41 /* AppDelegate.swift in Sources */ = {isa = PBXBuildFile; fileRef = 7661B13524064CEE0024BC41 /* AppDelegate.swift */; };
		7661B13824064CEE0024BC41 /* SceneDelegate.swift in Sources */ = {isa = PBXBuildFile; fileRef = 7661B13724064CEE0024BC41 /* SceneDelegate.swift */; };
		7661B13D24064CEE0024BC41 /* Main.storyboard in Resources */ = {isa = PBXBuildFile; fileRef = 7661B13B24064CEE0024BC41 /* Main.storyboard */; };
		7661B14024064CEE0024BC41 /* yourThink_iosAppProto.xcdatamodeld in Sources */ = {isa = PBXBuildFile; fileRef = 7661B13E24064CEE0024BC41 /* yourThink_iosAppProto.xcdatamodeld */; };
		7661B14224064CF00024BC41 /* Assets.xcassets in Resources */ = {isa = PBXBuildFile; fileRef = 7661B14124064CF00024BC41 /* Assets.xcassets */; };
		7661B14524064CF00024BC41 /* LaunchScreen.storyboard in Resources */ = {isa = PBXBuildFile; fileRef = 7661B14324064CF00024BC41 /* LaunchScreen.storyboard */; };
		7661B14E24067EE40024BC41 /* DataManager.swift in Sources */ = {isa = PBXBuildFile; fileRef = 7661B14D24067EE40024BC41 /* DataManager.swift */; };
		7661B150240680C30024BC41 /* ListTableViewController.swift in Sources */ = {isa = PBXBuildFile; fileRef = 7661B14F240680C30024BC41 /* ListTableViewController.swift */; };
		7661B157240790E90024BC41 /* MemoTableViewCell.swift in Sources */ = {isa = PBXBuildFile; fileRef = 7661B156240790E90024BC41 /* MemoTableViewCell.swift */; };
		7661B159240791130024BC41 /* ComposeViewController.swift in Sources */ = {isa = PBXBuildFile; fileRef = 7661B158240791130024BC41 /* ComposeViewController.swift */; };
		7661B15B240791460024BC41 /* UIViewController+Alert.swift in Sources */ = {isa = PBXBuildFile; fileRef = 7661B15A240791460024BC41 /* UIViewController+Alert.swift */; };
		7661B15D240791700024BC41 /* DetailViewController.swift in Sources */ = {isa = PBXBuildFile; fileRef = 7661B15C240791700024BC41 /* DetailViewController.swift */; };
/* End PBXBuildFile section */

/* Begin PBXFileReference section */
		7661B13224064CEE0024BC41 /* yourThink_iosAppProto.app */ = {isa = PBXFileReference; explicitFileType = wrapper.application; includeInIndex = 0; path = yourThink_iosAppProto.app; sourceTree = BUILT_PRODUCTS_DIR; };
		7661B13524064CEE0024BC41 /* AppDelegate.swift */ = {isa = PBXFileReference; lastKnownFileType = sourcecode.swift; path = AppDelegate.swift; sourceTree = "<group>"; };
		7661B13724064CEE0024BC41 /* SceneDelegate.swift */ = {isa = PBXFileReference; lastKnownFileType = sourcecode.swift; path = SceneDelegate.swift; sourceTree = "<group>"; };
		7661B13C24064CEE0024BC41 /* Base */ = {isa = PBXFileReference; lastKnownFileType = file.storyboard; name = Base; path = Base.lproj/Main.storyboard; sourceTree = "<group>"; };
		7661B13F24064CEE0024BC41 /* yourThink_iosAppProto.xcdatamodel */ = {isa = PBXFileReference; lastKnownFileType = wrapper.xcdatamodel; path = yourThink_iosAppProto.xcdatamodel; sourceTree = "<group>"; };
		7661B14124064CF00024BC41 /* Assets.xcassets */ = {isa = PBXFileReference; lastKnownFileType = folder.assetcatalog; path = Assets.xcassets; sourceTree = "<group>"; };
		7661B14424064CF00024BC41 /* Base */ = {isa = PBXFileReference; lastKnownFileType = file.storyboard; name = Base; path = Base.lproj/LaunchScreen.storyboard; sourceTree = "<group>"; };
		7661B14624064CF00024BC41 /* Info.plist */ = {isa = PBXFileReference; lastKnownFileType = text.plist.xml; path = Info.plist; sourceTree = "<group>"; };
		7661B14D24067EE40024BC41 /* DataManager.swift */ = {isa = PBXFileReference; lastKnownFileType = sourcecode.swift; path = DataManager.swift; sourceTree = "<group>"; };
		7661B14F240680C30024BC41 /* ListTableViewController.swift */ = {isa = PBXFileReference; lastKnownFileType = sourcecode.swift; path = ListTableViewController.swift; sourceTree = "<group>"; };
		7661B156240790E90024BC41 /* MemoTableViewCell.swift */ = {isa = PBXFileReference; lastKnownFileType = sourcecode.swift; path = MemoTableViewCell.swift; sourceTree = "<group>"; };
		7661B158240791130024BC41 /* ComposeViewController.swift */ = {isa = PBXFileReference; lastKnownFileType = sourcecode.swift; path = ComposeViewController.swift; sourceTree = "<group>"; };
		7661B15A240791460024BC41 /* UIViewController+Alert.swift */ = {isa = PBXFileReference; lastKnownFileType = sourcecode.swift; path = "UIViewController+Alert.swift"; sourceTree = "<group>"; };
		7661B15C240791700024BC41 /* DetailViewController.swift */ = {isa = PBXFileReference; lastKnownFileType = sourcecode.swift; path = DetailViewController.swift; sourceTree = "<group>"; };
/* End PBXFileReference section */

/* Begin PBXFrameworksBuildPhase section */
		7661B12F24064CEE0024BC41 /* Frameworks */ = {
			isa = PBXFrameworksBuildPhase;
			buildActionMask = 2147483647;
			files = (
			);
			runOnlyForDeploymentPostprocessing = 0;
		};
/* End PBXFrameworksBuildPhase section */

/* Begin PBXGroup section */
		7661B12924064CEE0024BC41 = {
			isa = PBXGroup;
			children = (
				7661B13424064CEE0024BC41 /* yourThink_iosAppProto */,
				7661B13324064CEE0024BC41 /* Products */,
			);
			sourceTree = "<group>";
		};
		7661B13324064CEE0024BC41 /* Products */ = {
			isa = PBXGroup;
			children = (
				7661B13224064CEE0024BC41 /* yourThink_iosAppProto.app */,
			);
			name = Products;
			sourceTree = "<group>";
		};
		7661B13424064CEE0024BC41 /* yourThink_iosAppProto */ = {
			isa = PBXGroup;
			children = (
				7661B14C24067E4A0024BC41 /* Data */,
				7661B13524064CEE0024BC41 /* AppDelegate.swift */,
				7661B13724064CEE0024BC41 /* SceneDelegate.swift */,
				7661B13B24064CEE0024BC41 /* Main.storyboard */,
				7661B14124064CF00024BC41 /* Assets.xcassets */,
				7661B14324064CF00024BC41 /* LaunchScreen.storyboard */,
				7661B14F240680C30024BC41 /* ListTableViewController.swift */,
				7661B156240790E90024BC41 /* MemoTableViewCell.swift */,
				7661B158240791130024BC41 /* ComposeViewController.swift */,
				7661B15C240791700024BC41 /* DetailViewController.swift */,
				7661B14624064CF00024BC41 /* Info.plist */,
				7661B13E24064CEE0024BC41 /* yourThink_iosAppProto.xcdatamodeld */,
				7661B15A240791460024BC41 /* UIViewController+Alert.swift */,
			);
			path = yourThink_iosAppProto;
			sourceTree = "<group>";
		};
		7661B14C24067E4A0024BC41 /* Data */ = {
			isa = PBXGroup;
			children = (
				7661B14D24067EE40024BC41 /* DataManager.swift */,
			);
			path = Data;
			sourceTree = "<group>";
		};
/* End PBXGroup section */

/* Begin PBXNativeTarget section */
		7661B13124064CEE0024BC41 /* yourThink_iosAppProto */ = {
			isa = PBXNativeTarget;
			buildConfigurationList = 7661B14924064CF00024BC41 /* Build configuration list for PBXNativeTarget "yourThink_iosAppProto" */;
			buildPhases = (
				7661B12E24064CEE0024BC41 /* Sources */,
				7661B12F24064CEE0024BC41 /* Frameworks */,
				7661B13024064CEE0024BC41 /* Resources */,
			);
			buildRules = (
			);
			dependencies = (
			);
			name = yourThink_iosAppProto;
			productName = yourThink_iosAppProto;
			productReference = 7661B13224064CEE0024BC41 /* yourThink_iosAppProto.app */;
			productType = "com.apple.product-type.application";
		};
/* End PBXNativeTarget section */

/* Begin PBXProject section */
		7661B12A24064CEE0024BC41 /* Project object */ = {
			isa = PBXProject;
			attributes = {
				LastSwiftUpdateCheck = 1130;
				LastUpgradeCheck = 1130;
				ORGANIZATIONNAME = yourThink;
				TargetAttributes = {
					7661B13124064CEE0024BC41 = {
						CreatedOnToolsVersion = 11.3.1;
					};
				};
			};
			buildConfigurationList = 7661B12D24064CEE0024BC41 /* Build configuration list for PBXProject "yourThink_iosAppProto" */;
			compatibilityVersion = "Xcode 9.3";
			developmentRegion = en;
			hasScannedForEncodings = 0;
			knownRegions = (
				en,
				Base,
			);
			mainGroup = 7661B12924064CEE0024BC41;
			productRefGroup = 7661B13324064CEE0024BC41 /* Products */;
			projectDirPath = "";
			projectRoot = "";
			targets = (
				7661B13124064CEE0024BC41 /* yourThink_iosAppProto */,
			);
		};
/* End PBXProject section */

/* Begin PBXResourcesBuildPhase section */
		7661B13024064CEE0024BC41 /* Resources */ = {
			isa = PBXResourcesBuildPhase;
			buildActionMask = 2147483647;
			files = (
				7661B14524064CF00024BC41 /* LaunchScreen.storyboard in Resources */,
				7661B14224064CF00024BC41 /* Assets.xcassets in Resources */,
				7661B13D24064CEE0024BC41 /* Main.storyboard in Resources */,
			);
			runOnlyForDeploymentPostprocessing = 0;
		};
/* End PBXResourcesBuildPhase section */

/* Begin PBXSourcesBuildPhase section */
		7661B12E24064CEE0024BC41 /* Sources */ = {
			isa = PBXSourcesBuildPhase;
			buildActionMask = 2147483647;
			files = (
				7661B15D240791700024BC41 /* DetailViewController.swift in Sources */,
				7661B14E24067EE40024BC41 /* DataManager.swift in Sources */,
				7661B157240790E90024BC41 /* MemoTableViewCell.swift in Sources */,
				7661B13624064CEE0024BC41 /* AppDelegate.swift in Sources */,
				7661B14024064CEE0024BC41 /* yourThink_iosAppProto.xcdatamodeld in Sources */,
				7661B150240680C30024BC41 /* ListTableViewController.swift in Sources */,
				7661B13824064CEE0024BC41 /* SceneDelegate.swift in Sources */,
				7661B159240791130024BC41 /* ComposeViewController.swift in Sources */,
				7661B15B240791460024BC41 /* UIViewController+Alert.swift in Sources */,
			);
			runOnlyForDeploymentPostprocessing = 0;
		};
/* End PBXSourcesBuildPhase section */

/* Begin PBXVariantGroup section */
		7661B13B24064CEE0024BC41 /* Main.storyboard */ = {
			isa = PBXVariantGroup;
			children = (
				7661B13C24064CEE0024BC41 /* Base */,
			);
			name = Main.storyboard;
			sourceTree = "<group>";
		};
		7661B14324064CF00024BC41 /* LaunchScreen.storyboard */ = {
			isa = PBXVariantGroup;
			children = (
				7661B14424064CF00024BC41 /* Base */,
			);
			name = LaunchScreen.storyboard;
			sourceTree = "<group>";
		};
/* End PBXVariantGroup section */

/* Begin XCBuildConfiguration section */
		7661B14724064CF00024BC41 /* Debug */ = {
			isa = XCBuildConfiguration;
			buildSettings = {
				ALWAYS_SEARCH_USER_PATHS = NO;
				CLANG_ANALYZER_NONNULL = YES;
				CLANG_ANALYZER_NUMBER_OBJECT_CONVERSION = YES_AGGRESSIVE;
				CLANG_CXX_LANGUAGE_STANDARD = "gnu++14";
				CLANG_CXX_LIBRARY = "libc++";
				CLANG_ENABLE_MODULES = YES;
				CLANG_ENABLE_OBJC_ARC = YES;
				CLANG_ENABLE_OBJC_WEAK = YES;
				CLANG_WARN_BLOCK_CAPTURE_AUTORELEASING = YES;
				CLANG_WARN_BOOL_CONVERSION = YES;
				CLANG_WARN_COMMA = YES;
				CLANG_WARN_CONSTANT_CONVERSION = YES;
				CLANG_WARN_DEPRECATED_OBJC_IMPLEMENTATIONS = YES;
				CLANG_WARN_DIRECT_OBJC_ISA_USAGE = YES_ERROR;
				CLANG_WARN_DOCUMENTATION_COMMENTS = YES;
				CLANG_WARN_EMPTY_BODY = YES;
				CLANG_WARN_ENUM_CONVERSION = YES;
				CLANG_WARN_INFINITE_RECURSION = YES;
				CLANG_WARN_INT_CONVERSION = YES;
				CLANG_WARN_NON_LITERAL_NULL_CONVERSION = YES;
				CLANG_WARN_OBJC_IMPLICIT_RETAIN_SELF = YES;
				CLANG_WARN_OBJC_LITERAL_CONVERSION = YES;
				CLANG_WARN_OBJC_ROOT_CLASS = YES_ERROR;
				CLANG_WARN_RANGE_LOOP_ANALYSIS = YES;
				CLANG_WARN_STRICT_PROTOTYPES = YES;
				CLANG_WARN_SUSPICIOUS_MOVE = YES;
				CLANG_WARN_UNGUARDED_AVAILABILITY = YES_AGGRESSIVE;
				CLANG_WARN_UNREACHABLE_CODE = YES;
				CLANG_WARN__DUPLICATE_METHOD_MATCH = YES;
				COPY_PHASE_STRIP = NO;
				DEBUG_INFORMATION_FORMAT = dwarf;
				ENABLE_STRICT_OBJC_MSGSEND = YES;
				ENABLE_TESTABILITY = YES;
				GCC_C_LANGUAGE_STANDARD = gnu11;
				GCC_DYNAMIC_NO_PIC = NO;
				GCC_NO_COMMON_BLOCKS = YES;
				GCC_OPTIMIZATION_LEVEL = 0;
				GCC_PREPROCESSOR_DEFINITIONS = (
					"DEBUG=1",
					"$(inherited)",
				);
				GCC_WARN_64_TO_32_BIT_CONVERSION = YES;
				GCC_WARN_ABOUT_RETURN_TYPE = YES_ERROR;
				GCC_WARN_UNDECLARED_SELECTOR = YES;
				GCC_WARN_UNINITIALIZED_AUTOS = YES_AGGRESSIVE;
				GCC_WARN_UNUSED_FUNCTION = YES;
				GCC_WARN_UNUSED_VARIABLE = YES;
				IPHONEOS_DEPLOYMENT_TARGET = 11.0;
				MTL_ENABLE_DEBUG_INFO = INCLUDE_SOURCE;
				MTL_FAST_MATH = YES;
				ONLY_ACTIVE_ARCH = YES;
				SDKROOT = iphoneos;
				SWIFT_ACTIVE_COMPILATION_CONDITIONS = DEBUG;
				SWIFT_OPTIMIZATION_LEVEL = "-Onone";
			};
			name = Debug;
		};
		7661B14824064CF00024BC41 /* Release */ = {
			isa = XCBuildConfiguration;
			buildSettings = {
				ALWAYS_SEARCH_USER_PATHS = NO;
				CLANG_ANALYZER_NONNULL = YES;
				CLANG_ANALYZER_NUMBER_OBJECT_CONVERSION = YES_AGGRESSIVE;
				CLANG_CXX_LANGUAGE_STANDARD = "gnu++14";
				CLANG_CXX_LIBRARY = "libc++";
				CLANG_ENABLE_MODULES = YES;
				CLANG_ENABLE_OBJC_ARC = YES;
				CLANG_ENABLE_OBJC_WEAK = YES;
				CLANG_WARN_BLOCK_CAPTURE_AUTORELEASING = YES;
				CLANG_WARN_BOOL_CONVERSION = YES;
				CLANG_WARN_COMMA = YES;
				CLANG_WARN_CONSTANT_CONVERSION = YES;
				CLANG_WARN_DEPRECATED_OBJC_IMPLEMENTATIONS = YES;
				CLANG_WARN_DIRECT_OBJC_ISA_USAGE = YES_ERROR;
				CLANG_WARN_DOCUMENTATION_COMMENTS = YES;
				CLANG_WARN_EMPTY_BODY = YES;
				CLANG_WARN_ENUM_CONVERSION = YES;
				CLANG_WARN_INFINITE_RECURSION = YES;
				CLANG_WARN_INT_CONVERSION = YES;
				CLANG_WARN_NON_LITERAL_NULL_CONVERSION = YES;
				CLANG_WARN_OBJC_IMPLICIT_RETAIN_SELF = YES;
				CLANG_WARN_OBJC_LITERAL_CONVERSION = YES;
				CLANG_WARN_OBJC_ROOT_CLASS = YES_ERROR;
				CLANG_WARN_RANGE_LOOP_ANALYSIS = YES;
				CLANG_WARN_STRICT_PROTOTYPES = YES;
				CLANG_WARN_SUSPICIOUS_MOVE = YES;
				CLANG_WARN_UNGUARDED_AVAILABILITY = YES_AGGRESSIVE;
				CLANG_WARN_UNREACHABLE_CODE = YES;
				CLANG_WARN__DUPLICATE_METHOD_MATCH = YES;
				COPY_PHASE_STRIP = NO;
				DEBUG_INFORMATION_FORMAT = "dwarf-with-dsym";
				ENABLE_NS_ASSERTIONS = NO;
				ENABLE_STRICT_OBJC_MSGSEND = YES;
				GCC_C_LANGUAGE_STANDARD = gnu11;
				GCC_NO_COMMON_BLOCKS = YES;
				GCC_WARN_64_TO_32_BIT_CONVERSION = YES;
				GCC_WARN_ABOUT_RETURN_TYPE = YES_ERROR;
				GCC_WARN_UNDECLARED_SELECTOR = YES;
				GCC_WARN_UNINITIALIZED_AUTOS = YES_AGGRESSIVE;
				GCC_WARN_UNUSED_FUNCTION = YES;
				GCC_WARN_UNUSED_VARIABLE = YES;
				IPHONEOS_DEPLOYMENT_TARGET = 11.0;
				MTL_ENABLE_DEBUG_INFO = NO;
				MTL_FAST_MATH = YES;
				SDKROOT = iphoneos;
				SWIFT_COMPILATION_MODE = wholemodule;
				SWIFT_OPTIMIZATION_LEVEL = "-O";
				VALIDATE_PRODUCT = YES;
			};
			name = Release;
		};
		7661B14A24064CF00024BC41 /* Debug */ = {
			isa = XCBuildConfiguration;
			buildSettings = {
				ASSETCATALOG_COMPILER_APPICON_NAME = AppIcon;
				CODE_SIGN_STYLE = Automatic;
				DEVELOPMENT_TEAM = 4B3FA9X6ZD;
				INFOPLIST_FILE = yourThink_iosAppProto/Info.plist;
				IPHONEOS_DEPLOYMENT_TARGET = 11.0;
				LD_RUNPATH_SEARCH_PATHS = (
					"$(inherited)",
					"@executable_path/Frameworks",
				);
				PRODUCT_BUNDLE_IDENTIFIER = "yourThink.yourThink-iosAppProto";
				PRODUCT_NAME = "$(TARGET_NAME)";
				SWIFT_VERSION = 5.0;
				TARGETED_DEVICE_FAMILY = "1,2";
			};
			name = Debug;
		};
		7661B14B24064CF00024BC41 /* Release */ = {
			isa = XCBuildConfiguration;
			buildSettings = {
				ASSETCATALOG_COMPILER_APPICON_NAME = AppIcon;
				CODE_SIGN_STYLE = Automatic;
				DEVELOPMENT_TEAM = 4B3FA9X6ZD;
				INFOPLIST_FILE = yourThink_iosAppProto/Info.plist;
				IPHONEOS_DEPLOYMENT_TARGET = 11.0;
				LD_RUNPATH_SEARCH_PATHS = (
					"$(inherited)",
					"@executable_path/Frameworks",
				);
				PRODUCT_BUNDLE_IDENTIFIER = "yourThink.yourThink-iosAppProto";
				PRODUCT_NAME = "$(TARGET_NAME)";
				SWIFT_VERSION = 5.0;
				TARGETED_DEVICE_FAMILY = "1,2";
			};
			name = Release;
		};
/* End XCBuildConfiguration section */

/* Begin XCConfigurationList section */
		7661B12D24064CEE0024BC41 /* Build configuration list for PBXProject "yourThink_iosAppProto" */ = {
			isa = XCConfigurationList;
			buildConfigurations = (
				7661B14724064CF00024BC41 /* Debug */,
				7661B14824064CF00024BC41 /* Release */,
			);
			defaultConfigurationIsVisible = 0;
			defaultConfigurationName = Release;
		};
		7661B14924064CF00024BC41 /* Build configuration list for PBXNativeTarget "yourThink_iosAppProto" */ = {
			isa = XCConfigurationList;
			buildConfigurations = (
				7661B14A24064CF00024BC41 /* Debug */,
				7661B14B24064CF00024BC41 /* Release */,
			);
			defaultConfigurationIsVisible = 0;
			defaultConfigurationName = Release;
		};
/* End XCConfigurationList section */

/* Begin XCVersionGroup section */
		7661B13E24064CEE0024BC41 /* yourThink_iosAppProto.xcdatamodeld */ = {
			isa = XCVersionGroup;
			children = (
				7661B13F24064CEE0024BC41 /* yourThink_iosAppProto.xcdatamodel */,
			);
			currentVersion = 7661B13F24064CEE0024BC41 /* yourThink_iosAppProto.xcdatamodel */;
			path = yourThink_iosAppProto.xcdatamodeld;
			sourceTree = "<group>";
			versionGroupType = wrapper.xcdatamodel;
		};
/* End XCVersionGroup section */
	};
	rootObject = 7661B12A24064CEE0024BC41 /* Project object */;
}
