// !$*UTF8*$!
{
	archiveVersion = 1;
	classes = {
	};
	objectVersion = 50;
	objects = {

/* Begin PBXBuildFile section */
		763C59102407D87300A73D14 /* AppDelegate.swift in Sources */ = {isa = PBXBuildFile; fileRef = 763C590F2407D87300A73D14 /* AppDelegate.swift */; };
		763C59122407D87300A73D14 /* SceneDelegate.swift in Sources */ = {isa = PBXBuildFile; fileRef = 763C59112407D87300A73D14 /* SceneDelegate.swift */; };
		763C59142407D87300A73D14 /* ViewController.swift in Sources */ = {isa = PBXBuildFile; fileRef = 763C59132407D87300A73D14 /* ViewController.swift */; };
		763C59172407D87300A73D14 /* Main.storyboard in Resources */ = {isa = PBXBuildFile; fileRef = 763C59152407D87300A73D14 /* Main.storyboard */; };
		763C591A2407D87300A73D14 /* YourThink.xcdatamodeld in Sources */ = {isa = PBXBuildFile; fileRef = 763C59182407D87300A73D14 /* YourThink.xcdatamodeld */; };
		763C591C2407D87400A73D14 /* Assets.xcassets in Resources */ = {isa = PBXBuildFile; fileRef = 763C591B2407D87400A73D14 /* Assets.xcassets */; };
		763C591F2407D87400A73D14 /* LaunchScreen.storyboard in Resources */ = {isa = PBXBuildFile; fileRef = 763C591D2407D87400A73D14 /* LaunchScreen.storyboard */; };
/* End PBXBuildFile section */

/* Begin PBXFileReference section */
		763C590C2407D87300A73D14 /* YourThink.app */ = {isa = PBXFileReference; explicitFileType = wrapper.application; includeInIndex = 0; path = YourThink.app; sourceTree = BUILT_PRODUCTS_DIR; };
		763C590F2407D87300A73D14 /* AppDelegate.swift */ = {isa = PBXFileReference; lastKnownFileType = sourcecode.swift; path = AppDelegate.swift; sourceTree = "<group>"; };
		763C59112407D87300A73D14 /* SceneDelegate.swift */ = {isa = PBXFileReference; lastKnownFileType = sourcecode.swift; path = SceneDelegate.swift; sourceTree = "<group>"; };
		763C59132407D87300A73D14 /* ViewController.swift */ = {isa = PBXFileReference; lastKnownFileType = sourcecode.swift; path = ViewController.swift; sourceTree = "<group>"; };
		763C59162407D87300A73D14 /* Base */ = {isa = PBXFileReference; lastKnownFileType = file.storyboard; name = Base; path = Base.lproj/Main.storyboard; sourceTree = "<group>"; };
		763C59192407D87300A73D14 /* YourThink.xcdatamodel */ = {isa = PBXFileReference; lastKnownFileType = wrapper.xcdatamodel; path = YourThink.xcdatamodel; sourceTree = "<group>"; };
		763C591B2407D87400A73D14 /* Assets.xcassets */ = {isa = PBXFileReference; lastKnownFileType = folder.assetcatalog; path = Assets.xcassets; sourceTree = "<group>"; };
		763C591E2407D87400A73D14 /* Base */ = {isa = PBXFileReference; lastKnownFileType = file.storyboard; name = Base; path = Base.lproj/LaunchScreen.storyboard; sourceTree = "<group>"; };
		763C59202407D87400A73D14 /* Info.plist */ = {isa = PBXFileReference; lastKnownFileType = text.plist.xml; path = Info.plist; sourceTree = "<group>"; };
/* End PBXFileReference section */

/* Begin PBXFrameworksBuildPhase section */
		763C59092407D87300A73D14 /* Frameworks */ = {
			isa = PBXFrameworksBuildPhase;
			buildActionMask = 2147483647;
			files = (
			);
			runOnlyForDeploymentPostprocessing = 0;
		};
/* End PBXFrameworksBuildPhase section */

/* Begin PBXGroup section */
		763C59032407D87300A73D14 = {
			isa = PBXGroup;
			children = (
				763C590E2407D87300A73D14 /* YourThink */,
				763C590D2407D87300A73D14 /* Products */,
			);
			sourceTree = "<group>";
		};
		763C590D2407D87300A73D14 /* Products */ = {
			isa = PBXGroup;
			children = (
				763C590C2407D87300A73D14 /* YourThink.app */,
			);
			name = Products;
			sourceTree = "<group>";
		};
		763C590E2407D87300A73D14 /* YourThink */ = {
			isa = PBXGroup;
			children = (
				763C590F2407D87300A73D14 /* AppDelegate.swift */,
				763C59112407D87300A73D14 /* SceneDelegate.swift */,
				763C59132407D87300A73D14 /* ViewController.swift */,
				763C59152407D87300A73D14 /* Main.storyboard */,
				763C591B2407D87400A73D14 /* Assets.xcassets */,
				763C591D2407D87400A73D14 /* LaunchScreen.storyboard */,
				763C59202407D87400A73D14 /* Info.plist */,
				763C59182407D87300A73D14 /* YourThink.xcdatamodeld */,
			);
			path = YourThink;
			sourceTree = "<group>";
		};
/* End PBXGroup section */

/* Begin PBXNativeTarget section */
		763C590B2407D87300A73D14 /* YourThink */ = {
			isa = PBXNativeTarget;
			buildConfigurationList = 763C59232407D87400A73D14 /* Build configuration list for PBXNativeTarget "YourThink" */;
			buildPhases = (
				763C59082407D87300A73D14 /* Sources */,
				763C59092407D87300A73D14 /* Frameworks */,
				763C590A2407D87300A73D14 /* Resources */,
			);
			buildRules = (
			);
			dependencies = (
			);
			name = YourThink;
			productName = YourThink;
			productReference = 763C590C2407D87300A73D14 /* YourThink.app */;
			productType = "com.apple.product-type.application";
		};
/* End PBXNativeTarget section */

/* Begin PBXProject section */
		763C59042407D87300A73D14 /* Project object */ = {
			isa = PBXProject;
			attributes = {
				LastSwiftUpdateCheck = 1130;
				LastUpgradeCheck = 1130;
				ORGANIZATIONNAME = yourThink;
				TargetAttributes = {
					763C590B2407D87300A73D14 = {
						CreatedOnToolsVersion = 11.3.1;
					};
				};
			};
			buildConfigurationList = 763C59072407D87300A73D14 /* Build configuration list for PBXProject "YourThink" */;
			compatibilityVersion = "Xcode 9.3";
			developmentRegion = en;
			hasScannedForEncodings = 0;
			knownRegions = (
				en,
				Base,
			);
			mainGroup = 763C59032407D87300A73D14;
			productRefGroup = 763C590D2407D87300A73D14 /* Products */;
			projectDirPath = "";
			projectRoot = "";
			targets = (
				763C590B2407D87300A73D14 /* YourThink */,
			);
		};
/* End PBXProject section */

/* Begin PBXResourcesBuildPhase section */
		763C590A2407D87300A73D14 /* Resources */ = {
			isa = PBXResourcesBuildPhase;
			buildActionMask = 2147483647;
			files = (
				763C591F2407D87400A73D14 /* LaunchScreen.storyboard in Resources */,
				763C591C2407D87400A73D14 /* Assets.xcassets in Resources */,
				763C59172407D87300A73D14 /* Main.storyboard in Resources */,
			);
			runOnlyForDeploymentPostprocessing = 0;
		};
/* End PBXResourcesBuildPhase section */

/* Begin PBXSourcesBuildPhase section */
		763C59082407D87300A73D14 /* Sources */ = {
			isa = PBXSourcesBuildPhase;
			buildActionMask = 2147483647;
			files = (
				763C59142407D87300A73D14 /* ViewController.swift in Sources */,
				763C59102407D87300A73D14 /* AppDelegate.swift in Sources */,
				763C59122407D87300A73D14 /* SceneDelegate.swift in Sources */,
				763C591A2407D87300A73D14 /* YourThink.xcdatamodeld in Sources */,
			);
			runOnlyForDeploymentPostprocessing = 0;
		};
/* End PBXSourcesBuildPhase section */

/* Begin PBXVariantGroup section */
		763C59152407D87300A73D14 /* Main.storyboard */ = {
			isa = PBXVariantGroup;
			children = (
				763C59162407D87300A73D14 /* Base */,
			);
			name = Main.storyboard;
			sourceTree = "<group>";
		};
		763C591D2407D87400A73D14 /* LaunchScreen.storyboard */ = {
			isa = PBXVariantGroup;
			children = (
				763C591E2407D87400A73D14 /* Base */,
			);
			name = LaunchScreen.storyboard;
			sourceTree = "<group>";
		};
/* End PBXVariantGroup section */

/* Begin XCBuildConfiguration section */
		763C59212407D87400A73D14 /* Debug */ = {
			isa = XCBuildConfiguration;
			buildSettings = {
				ALWAYS_SEARCH_USER_PATHS = NO;
				CLANG_ANALYZER_NONNULL = YES;
				CLANG_ANALYZER_NUMBER_OBJECT_CONVERSION = YES_AGGRESSIVE;
				CLANG_CXX_LANGUAGE_STANDARD = "gnu++14";
				CLANG_CXX_LIBRARY = "libc++";
				CLANG_ENABLE_MODULES = YES;
				CLANG_ENABLE_OBJC_ARC = YES;
				CLANG_ENABLE_OBJC_WEAK = YES;
				CLANG_WARN_BLOCK_CAPTURE_AUTORELEASING = YES;
				CLANG_WARN_BOOL_CONVERSION = YES;
				CLANG_WARN_COMMA = YES;
				CLANG_WARN_CONSTANT_CONVERSION = YES;
				CLANG_WARN_DEPRECATED_OBJC_IMPLEMENTATIONS = YES;
				CLANG_WARN_DIRECT_OBJC_ISA_USAGE = YES_ERROR;
				CLANG_WARN_DOCUMENTATION_COMMENTS = YES;
				CLANG_WARN_EMPTY_BODY = YES;
				CLANG_WARN_ENUM_CONVERSION = YES;
				CLANG_WARN_INFINITE_RECURSION = YES;
				CLANG_WARN_INT_CONVERSION = YES;
				CLANG_WARN_NON_LITERAL_NULL_CONVERSION = YES;
				CLANG_WARN_OBJC_IMPLICIT_RETAIN_SELF = YES;
				CLANG_WARN_OBJC_LITERAL_CONVERSION = YES;
				CLANG_WARN_OBJC_ROOT_CLASS = YES_ERROR;
				CLANG_WARN_RANGE_LOOP_ANALYSIS = YES;
				CLANG_WARN_STRICT_PROTOTYPES = YES;
				CLANG_WARN_SUSPICIOUS_MOVE = YES;
				CLANG_WARN_UNGUARDED_AVAILABILITY = YES_AGGRESSIVE;
				CLANG_WARN_UNREACHABLE_CODE = YES;
				CLANG_WARN__DUPLICATE_METHOD_MATCH = YES;
				COPY_PHASE_STRIP = NO;
				DEBUG_INFORMATION_FORMAT = dwarf;
				ENABLE_STRICT_OBJC_MSGSEND = YES;
				ENABLE_TESTABILITY = YES;
				GCC_C_LANGUAGE_STANDARD = gnu11;
				GCC_DYNAMIC_NO_PIC = NO;
				GCC_NO_COMMON_BLOCKS = YES;
				GCC_OPTIMIZATION_LEVEL = 0;
				GCC_PREPROCESSOR_DEFINITIONS = (
					"DEBUG=1",
					"$(inherited)",
				);
				GCC_WARN_64_TO_32_BIT_CONVERSION = YES;
				GCC_WARN_ABOUT_RETURN_TYPE = YES_ERROR;
				GCC_WARN_UNDECLARED_SELECTOR = YES;
				GCC_WARN_UNINITIALIZED_AUTOS = YES_AGGRESSIVE;
				GCC_WARN_UNUSED_FUNCTION = YES;
				GCC_WARN_UNUSED_VARIABLE = YES;
				IPHONEOS_DEPLOYMENT_TARGET = 11.0;
				MTL_ENABLE_DEBUG_INFO = INCLUDE_SOURCE;
				MTL_FAST_MATH = YES;
				ONLY_ACTIVE_ARCH = YES;
				SDKROOT = iphoneos;
				SWIFT_ACTIVE_COMPILATION_CONDITIONS = DEBUG;
				SWIFT_OPTIMIZATION_LEVEL = "-Onone";
			};
			name = Debug;
		};
		763C59222407D87400A73D14 /* Release */ = {
			isa = XCBuildConfiguration;
			buildSettings = {
				ALWAYS_SEARCH_USER_PATHS = NO;
				CLANG_ANALYZER_NONNULL = YES;
				CLANG_ANALYZER_NUMBER_OBJECT_CONVERSION = YES_AGGRESSIVE;
				CLANG_CXX_LANGUAGE_STANDARD = "gnu++14";
				CLANG_CXX_LIBRARY = "libc++";
				CLANG_ENABLE_MODULES = YES;
				CLANG_ENABLE_OBJC_ARC = YES;
				CLANG_ENABLE_OBJC_WEAK = YES;
				CLANG_WARN_BLOCK_CAPTURE_AUTORELEASING = YES;
				CLANG_WARN_BOOL_CONVERSION = YES;
				CLANG_WARN_COMMA = YES;
				CLANG_WARN_CONSTANT_CONVERSION = YES;
				CLANG_WARN_DEPRECATED_OBJC_IMPLEMENTATIONS = YES;
				CLANG_WARN_DIRECT_OBJC_ISA_USAGE = YES_ERROR;
				CLANG_WARN_DOCUMENTATION_COMMENTS = YES;
				CLANG_WARN_EMPTY_BODY = YES;
				CLANG_WARN_ENUM_CONVERSION = YES;
				CLANG_WARN_INFINITE_RECURSION = YES;
				CLANG_WARN_INT_CONVERSION = YES;
				CLANG_WARN_NON_LITERAL_NULL_CONVERSION = YES;
				CLANG_WARN_OBJC_IMPLICIT_RETAIN_SELF = YES;
				CLANG_WARN_OBJC_LITERAL_CONVERSION = YES;
				CLANG_WARN_OBJC_ROOT_CLASS = YES_ERROR;
				CLANG_WARN_RANGE_LOOP_ANALYSIS = YES;
				CLANG_WARN_STRICT_PROTOTYPES = YES;
				CLANG_WARN_SUSPICIOUS_MOVE = YES;
				CLANG_WARN_UNGUARDED_AVAILABILITY = YES_AGGRESSIVE;
				CLANG_WARN_UNREACHABLE_CODE = YES;
				CLANG_WARN__DUPLICATE_METHOD_MATCH = YES;
				COPY_PHASE_STRIP = NO;
				DEBUG_INFORMATION_FORMAT = "dwarf-with-dsym";
				ENABLE_NS_ASSERTIONS = NO;
				ENABLE_STRICT_OBJC_MSGSEND = YES;
				GCC_C_LANGUAGE_STANDARD = gnu11;
				GCC_NO_COMMON_BLOCKS = YES;
				GCC_WARN_64_TO_32_BIT_CONVERSION = YES;
				GCC_WARN_ABOUT_RETURN_TYPE = YES_ERROR;
				GCC_WARN_UNDECLARED_SELECTOR = YES;
				GCC_WARN_UNINITIALIZED_AUTOS = YES_AGGRESSIVE;
				GCC_WARN_UNUSED_FUNCTION = YES;
				GCC_WARN_UNUSED_VARIABLE = YES;
				IPHONEOS_DEPLOYMENT_TARGET = 11.0;
				MTL_ENABLE_DEBUG_INFO = NO;
				MTL_FAST_MATH = YES;
				SDKROOT = iphoneos;
				SWIFT_COMPILATION_MODE = wholemodule;
				SWIFT_OPTIMIZATION_LEVEL = "-O";
				VALIDATE_PRODUCT = YES;
			};
			name = Release;
		};
		763C59242407D87400A73D14 /* Debug */ = {
			isa = XCBuildConfiguration;
			buildSettings = {
				ASSETCATALOG_COMPILER_APPICON_NAME = AppIcon;
				CODE_SIGN_STYLE = Automatic;
				DEVELOPMENT_TEAM = 4B3FA9X6ZD;
				INFOPLIST_FILE = YourThink/Info.plist;
				IPHONEOS_DEPLOYMENT_TARGET = 11.0;
				LD_RUNPATH_SEARCH_PATHS = (
					"$(inherited)",
					"@executable_path/Frameworks",
				);
				PRODUCT_BUNDLE_IDENTIFIER = yourThink.YourThink;
				PRODUCT_NAME = "$(TARGET_NAME)";
				SWIFT_VERSION = 5.0;
				TARGETED_DEVICE_FAMILY = "1,2";
			};
			name = Debug;
		};
		763C59252407D87400A73D14 /* Release */ = {
			isa = XCBuildConfiguration;
			buildSettings = {
				ASSETCATALOG_COMPILER_APPICON_NAME = AppIcon;
				CODE_SIGN_STYLE = Automatic;
				DEVELOPMENT_TEAM = 4B3FA9X6ZD;
				INFOPLIST_FILE = YourThink/Info.plist;
				IPHONEOS_DEPLOYMENT_TARGET = 11.0;
				LD_RUNPATH_SEARCH_PATHS = (
					"$(inherited)",
					"@executable_path/Frameworks",
				);
				PRODUCT_BUNDLE_IDENTIFIER = yourThink.YourThink;
				PRODUCT_NAME = "$(TARGET_NAME)";
				SWIFT_VERSION = 5.0;
				TARGETED_DEVICE_FAMILY = "1,2";
			};
			name = Release;
		};
/* End XCBuildConfiguration section */

/* Begin XCConfigurationList section */
		763C59072407D87300A73D14 /* Build configuration list for PBXProject "YourThink" */ = {
			isa = XCConfigurationList;
			buildConfigurations = (
				763C59212407D87400A73D14 /* Debug */,
				763C59222407D87400A73D14 /* Release */,
			);
			defaultConfigurationIsVisible = 0;
			defaultConfigurationName = Release;
		};
		763C59232407D87400A73D14 /* Build configuration list for PBXNativeTarget "YourThink" */ = {
			isa = XCConfigurationList;
			buildConfigurations = (
				763C59242407D87400A73D14 /* Debug */,
				763C59252407D87400A73D14 /* Release */,
			);
			defaultConfigurationIsVisible = 0;
			defaultConfigurationName = Release;
		};
/* End XCConfigurationList section */

/* Begin XCVersionGroup section */
		763C59182407D87300A73D14 /* YourThink.xcdatamodeld */ = {
			isa = XCVersionGroup;
			children = (
				763C59192407D87300A73D14 /* YourThink.xcdatamodel */,
			);
			currentVersion = 763C59192407D87300A73D14 /* YourThink.xcdatamodel */;
			path = YourThink.xcdatamodeld;
			sourceTree = "<group>";
			versionGroupType = wrapper.xcdatamodel;
		};
/* End XCVersionGroup section */
	};
	rootObject = 763C59042407D87300A73D14 /* Project object */;
}
