// !$*UTF8*$!
{
	archiveVersion = 1;
	classes = {
	};
	objectVersion = 50;
	objects = {

/* Begin PBXBuildFile section */
		769ABD5E23FCD1F700B5374F /* AppDelegate.swift in Sources */ = {isa = PBXBuildFile; fileRef = 769ABD5D23FCD1F700B5374F /* AppDelegate.swift */; };
		769ABD6023FCD1F700B5374F /* SceneDelegate.swift in Sources */ = {isa = PBXBuildFile; fileRef = 769ABD5F23FCD1F700B5374F /* SceneDelegate.swift */; };
		769ABD6523FCD1F700B5374F /* Main.storyboard in Resources */ = {isa = PBXBuildFile; fileRef = 769ABD6323FCD1F700B5374F /* Main.storyboard */; };
		769ABD6723FCD1F900B5374F /* Assets.xcassets in Resources */ = {isa = PBXBuildFile; fileRef = 769ABD6623FCD1F900B5374F /* Assets.xcassets */; };
		769ABD6A23FCD1F900B5374F /* LaunchScreen.storyboard in Resources */ = {isa = PBXBuildFile; fileRef = 769ABD6823FCD1F900B5374F /* LaunchScreen.storyboard */; };
		76E4822423FD8F8900E0C009 /* ComposeViewController.swift in Sources */ = {isa = PBXBuildFile; fileRef = 76E4822323FD8F8900E0C009 /* ComposeViewController.swift */; };
		76E4822623FD937400E0C009 /* UIViewController+Alert.swift in Sources */ = {isa = PBXBuildFile; fileRef = 76E4822523FD937400E0C009 /* UIViewController+Alert.swift */; };
		76E4822823FFB52500E0C009 /* DetailViewController.swift in Sources */ = {isa = PBXBuildFile; fileRef = 76E4822723FFB52500E0C009 /* DetailViewController.swift */; };
		76E4822B23FFDBEC00E0C009 /* seopMemo.xcdatamodeld in Sources */ = {isa = PBXBuildFile; fileRef = 76E4822923FFDBEC00E0C009 /* seopMemo.xcdatamodeld */; };
		76E4825123FFF43D00E0C009 /* DataManager.swift in Sources */ = {isa = PBXBuildFile; fileRef = 76E4825023FFF43D00E0C009 /* DataManager.swift */; };
		76E4827824019A0400E0C009 /* MemoTableViewCell.swift in Sources */ = {isa = PBXBuildFile; fileRef = 76E4827724019A0400E0C009 /* MemoTableViewCell.swift */; };
		76F20EA023FCE171002F6C23 /* MemoListTableViewController.swift in Sources */ = {isa = PBXBuildFile; fileRef = 76F20E9F23FCE171002F6C23 /* MemoListTableViewController.swift */; };
/* End PBXBuildFile section */

/* Begin PBXFileReference section */
		769ABD5A23FCD1F700B5374F /* seopMemo.app */ = {isa = PBXFileReference; explicitFileType = wrapper.application; includeInIndex = 0; path = seopMemo.app; sourceTree = BUILT_PRODUCTS_DIR; };
		769ABD5D23FCD1F700B5374F /* AppDelegate.swift */ = {isa = PBXFileReference; lastKnownFileType = sourcecode.swift; path = AppDelegate.swift; sourceTree = "<group>"; };
		769ABD5F23FCD1F700B5374F /* SceneDelegate.swift */ = {isa = PBXFileReference; lastKnownFileType = sourcecode.swift; path = SceneDelegate.swift; sourceTree = "<group>"; };
		769ABD6423FCD1F700B5374F /* Base */ = {isa = PBXFileReference; lastKnownFileType = file.storyboard; name = Base; path = Base.lproj/Main.storyboard; sourceTree = "<group>"; };
		769ABD6623FCD1F900B5374F /* Assets.xcassets */ = {isa = PBXFileReference; lastKnownFileType = folder.assetcatalog; path = Assets.xcassets; sourceTree = "<group>"; };
		769ABD6923FCD1F900B5374F /* Base */ = {isa = PBXFileReference; lastKnownFileType = file.storyboard; name = Base; path = Base.lproj/LaunchScreen.storyboard; sourceTree = "<group>"; };
		769ABD6B23FCD1F900B5374F /* Info.plist */ = {isa = PBXFileReference; lastKnownFileType = text.plist.xml; path = Info.plist; sourceTree = "<group>"; };
		76E4822323FD8F8900E0C009 /* ComposeViewController.swift */ = {isa = PBXFileReference; lastKnownFileType = sourcecode.swift; path = ComposeViewController.swift; sourceTree = "<group>"; };
		76E4822523FD937400E0C009 /* UIViewController+Alert.swift */ = {isa = PBXFileReference; lastKnownFileType = sourcecode.swift; path = "UIViewController+Alert.swift"; sourceTree = "<group>"; };
		76E4822723FFB52500E0C009 /* DetailViewController.swift */ = {isa = PBXFileReference; lastKnownFileType = sourcecode.swift; path = DetailViewController.swift; sourceTree = "<group>"; };
		76E4822A23FFDBEC00E0C009 /* seopMemo.xcdatamodel */ = {isa = PBXFileReference; lastKnownFileType = wrapper.xcdatamodel; path = seopMemo.xcdatamodel; sourceTree = "<group>"; };
		76E4825023FFF43D00E0C009 /* DataManager.swift */ = {isa = PBXFileReference; lastKnownFileType = sourcecode.swift; path = DataManager.swift; sourceTree = "<group>"; };
		76E4827724019A0400E0C009 /* MemoTableViewCell.swift */ = {isa = PBXFileReference; lastKnownFileType = sourcecode.swift; path = MemoTableViewCell.swift; sourceTree = "<group>"; };
		76F20E9F23FCE171002F6C23 /* MemoListTableViewController.swift */ = {isa = PBXFileReference; lastKnownFileType = sourcecode.swift; path = MemoListTableViewController.swift; sourceTree = "<group>"; };
/* End PBXFileReference section */

/* Begin PBXFrameworksBuildPhase section */
		769ABD5723FCD1F700B5374F /* Frameworks */ = {
			isa = PBXFrameworksBuildPhase;
			buildActionMask = 2147483647;
			files = (
			);
			runOnlyForDeploymentPostprocessing = 0;
		};
/* End PBXFrameworksBuildPhase section */

/* Begin PBXGroup section */
		769ABD5123FCD1F700B5374F = {
			isa = PBXGroup;
			children = (
				769ABD5C23FCD1F700B5374F /* seopMemo */,
				769ABD5B23FCD1F700B5374F /* Products */,
			);
			sourceTree = "<group>";
		};
		769ABD5B23FCD1F700B5374F /* Products */ = {
			isa = PBXGroup;
			children = (
				769ABD5A23FCD1F700B5374F /* seopMemo.app */,
			);
			name = Products;
			sourceTree = "<group>";
		};
		769ABD5C23FCD1F700B5374F /* seopMemo */ = {
			isa = PBXGroup;
			children = (
				76E4824F23FFF42B00E0C009 /* Data */,
				769ABD5D23FCD1F700B5374F /* AppDelegate.swift */,
				769ABD5F23FCD1F700B5374F /* SceneDelegate.swift */,
				769ABD6323FCD1F700B5374F /* Main.storyboard */,
				769ABD6623FCD1F900B5374F /* Assets.xcassets */,
				769ABD6823FCD1F900B5374F /* LaunchScreen.storyboard */,
				769ABD6B23FCD1F900B5374F /* Info.plist */,
				76F20E9F23FCE171002F6C23 /* MemoListTableViewController.swift */,
				76E4827724019A0400E0C009 /* MemoTableViewCell.swift */,
				76E4822923FFDBEC00E0C009 /* seopMemo.xcdatamodeld */,
				76E4822323FD8F8900E0C009 /* ComposeViewController.swift */,
				76E4822523FD937400E0C009 /* UIViewController+Alert.swift */,
				76E4822723FFB52500E0C009 /* DetailViewController.swift */,
			);
			path = seopMemo;
			sourceTree = "<group>";
		};
		76E4824F23FFF42B00E0C009 /* Data */ = {
			isa = PBXGroup;
			children = (
				76E4825023FFF43D00E0C009 /* DataManager.swift */,
			);
			path = Data;
			sourceTree = "<group>";
		};
/* End PBXGroup section */

/* Begin PBXNativeTarget section */
		769ABD5923FCD1F700B5374F /* seopMemo */ = {
			isa = PBXNativeTarget;
			buildConfigurationList = 769ABD6E23FCD1F900B5374F /* Build configuration list for PBXNativeTarget "seopMemo" */;
			buildPhases = (
				769ABD5623FCD1F700B5374F /* Sources */,
				769ABD5723FCD1F700B5374F /* Frameworks */,
				769ABD5823FCD1F700B5374F /* Resources */,
			);
			buildRules = (
			);
			dependencies = (
			);
			name = seopMemo;
			productName = seopMemo;
			productReference = 769ABD5A23FCD1F700B5374F /* seopMemo.app */;
			productType = "com.apple.product-type.application";
		};
/* End PBXNativeTarget section */

/* Begin PBXProject section */
		769ABD5223FCD1F700B5374F /* Project object */ = {
			isa = PBXProject;
			attributes = {
				LastSwiftUpdateCheck = 1130;
				LastUpgradeCheck = 1130;
				ORGANIZATIONNAME = "Minseop Kim";
				TargetAttributes = {
					769ABD5923FCD1F700B5374F = {
						CreatedOnToolsVersion = 11.3.1;
					};
				};
			};
			buildConfigurationList = 769ABD5523FCD1F700B5374F /* Build configuration list for PBXProject "seopMemo" */;
			compatibilityVersion = "Xcode 9.3";
			developmentRegion = en;
			hasScannedForEncodings = 0;
			knownRegions = (
				en,
				Base,
			);
			mainGroup = 769ABD5123FCD1F700B5374F;
			productRefGroup = 769ABD5B23FCD1F700B5374F /* Products */;
			projectDirPath = "";
			projectRoot = "";
			targets = (
				769ABD5923FCD1F700B5374F /* seopMemo */,
			);
		};
/* End PBXProject section */

/* Begin PBXResourcesBuildPhase section */
		769ABD5823FCD1F700B5374F /* Resources */ = {
			isa = PBXResourcesBuildPhase;
			buildActionMask = 2147483647;
			files = (
				769ABD6A23FCD1F900B5374F /* LaunchScreen.storyboard in Resources */,
				769ABD6723FCD1F900B5374F /* Assets.xcassets in Resources */,
				769ABD6523FCD1F700B5374F /* Main.storyboard in Resources */,
			);
			runOnlyForDeploymentPostprocessing = 0;
		};
/* End PBXResourcesBuildPhase section */

/* Begin PBXSourcesBuildPhase section */
		769ABD5623FCD1F700B5374F /* Sources */ = {
			isa = PBXSourcesBuildPhase;
			buildActionMask = 2147483647;
			files = (
				76E4822423FD8F8900E0C009 /* ComposeViewController.swift in Sources */,
				769ABD5E23FCD1F700B5374F /* AppDelegate.swift in Sources */,
				76E4822B23FFDBEC00E0C009 /* seopMemo.xcdatamodeld in Sources */,
				769ABD6023FCD1F700B5374F /* SceneDelegate.swift in Sources */,
				76E4822623FD937400E0C009 /* UIViewController+Alert.swift in Sources */,
				76F20EA023FCE171002F6C23 /* MemoListTableViewController.swift in Sources */,
				76E4825123FFF43D00E0C009 /* DataManager.swift in Sources */,
				76E4827824019A0400E0C009 /* MemoTableViewCell.swift in Sources */,
				76E4822823FFB52500E0C009 /* DetailViewController.swift in Sources */,
			);
			runOnlyForDeploymentPostprocessing = 0;
		};
/* End PBXSourcesBuildPhase section */

/* Begin PBXVariantGroup section */
		769ABD6323FCD1F700B5374F /* Main.storyboard */ = {
			isa = PBXVariantGroup;
			children = (
				769ABD6423FCD1F700B5374F /* Base */,
			);
			name = Main.storyboard;
			sourceTree = "<group>";
		};
		769ABD6823FCD1F900B5374F /* LaunchScreen.storyboard */ = {
			isa = PBXVariantGroup;
			children = (
				769ABD6923FCD1F900B5374F /* Base */,
			);
			name = LaunchScreen.storyboard;
			sourceTree = "<group>";
		};
/* End PBXVariantGroup section */

/* Begin XCBuildConfiguration section */
		769ABD6C23FCD1F900B5374F /* Debug */ = {
			isa = XCBuildConfiguration;
			buildSettings = {
				ALWAYS_SEARCH_USER_PATHS = NO;
				CLANG_ANALYZER_NONNULL = YES;
				CLANG_ANALYZER_NUMBER_OBJECT_CONVERSION = YES_AGGRESSIVE;
				CLANG_CXX_LANGUAGE_STANDARD = "gnu++14";
				CLANG_CXX_LIBRARY = "libc++";
				CLANG_ENABLE_MODULES = YES;
				CLANG_ENABLE_OBJC_ARC = YES;
				CLANG_ENABLE_OBJC_WEAK = YES;
				CLANG_WARN_BLOCK_CAPTURE_AUTORELEASING = YES;
				CLANG_WARN_BOOL_CONVERSION = YES;
				CLANG_WARN_COMMA = YES;
				CLANG_WARN_CONSTANT_CONVERSION = YES;
				CLANG_WARN_DEPRECATED_OBJC_IMPLEMENTATIONS = YES;
				CLANG_WARN_DIRECT_OBJC_ISA_USAGE = YES_ERROR;
				CLANG_WARN_DOCUMENTATION_COMMENTS = YES;
				CLANG_WARN_EMPTY_BODY = YES;
				CLANG_WARN_ENUM_CONVERSION = YES;
				CLANG_WARN_INFINITE_RECURSION = YES;
				CLANG_WARN_INT_CONVERSION = YES;
				CLANG_WARN_NON_LITERAL_NULL_CONVERSION = YES;
				CLANG_WARN_OBJC_IMPLICIT_RETAIN_SELF = YES;
				CLANG_WARN_OBJC_LITERAL_CONVERSION = YES;
				CLANG_WARN_OBJC_ROOT_CLASS = YES_ERROR;
				CLANG_WARN_RANGE_LOOP_ANALYSIS = YES;
				CLANG_WARN_STRICT_PROTOTYPES = YES;
				CLANG_WARN_SUSPICIOUS_MOVE = YES;
				CLANG_WARN_UNGUARDED_AVAILABILITY = YES_AGGRESSIVE;
				CLANG_WARN_UNREACHABLE_CODE = YES;
				CLANG_WARN__DUPLICATE_METHOD_MATCH = YES;
				COPY_PHASE_STRIP = NO;
				DEBUG_INFORMATION_FORMAT = dwarf;
				ENABLE_STRICT_OBJC_MSGSEND = YES;
				ENABLE_TESTABILITY = YES;
				GCC_C_LANGUAGE_STANDARD = gnu11;
				GCC_DYNAMIC_NO_PIC = NO;
				GCC_NO_COMMON_BLOCKS = YES;
				GCC_OPTIMIZATION_LEVEL = 0;
				GCC_PREPROCESSOR_DEFINITIONS = (
					"DEBUG=1",
					"$(inherited)",
				);
				GCC_WARN_64_TO_32_BIT_CONVERSION = YES;
				GCC_WARN_ABOUT_RETURN_TYPE = YES_ERROR;
				GCC_WARN_UNDECLARED_SELECTOR = YES;
				GCC_WARN_UNINITIALIZED_AUTOS = YES_AGGRESSIVE;
				GCC_WARN_UNUSED_FUNCTION = YES;
				GCC_WARN_UNUSED_VARIABLE = YES;
				IPHONEOS_DEPLOYMENT_TARGET = 10.0;
				MTL_ENABLE_DEBUG_INFO = INCLUDE_SOURCE;
				MTL_FAST_MATH = YES;
				ONLY_ACTIVE_ARCH = YES;
				SDKROOT = iphoneos;
				SWIFT_ACTIVE_COMPILATION_CONDITIONS = DEBUG;
				SWIFT_OPTIMIZATION_LEVEL = "-Onone";
			};
			name = Debug;
		};
		769ABD6D23FCD1F900B5374F /* Release */ = {
			isa = XCBuildConfiguration;
			buildSettings = {
				ALWAYS_SEARCH_USER_PATHS = NO;
				CLANG_ANALYZER_NONNULL = YES;
				CLANG_ANALYZER_NUMBER_OBJECT_CONVERSION = YES_AGGRESSIVE;
				CLANG_CXX_LANGUAGE_STANDARD = "gnu++14";
				CLANG_CXX_LIBRARY = "libc++";
				CLANG_ENABLE_MODULES = YES;
				CLANG_ENABLE_OBJC_ARC = YES;
				CLANG_ENABLE_OBJC_WEAK = YES;
				CLANG_WARN_BLOCK_CAPTURE_AUTORELEASING = YES;
				CLANG_WARN_BOOL_CONVERSION = YES;
				CLANG_WARN_COMMA = YES;
				CLANG_WARN_CONSTANT_CONVERSION = YES;
				CLANG_WARN_DEPRECATED_OBJC_IMPLEMENTATIONS = YES;
				CLANG_WARN_DIRECT_OBJC_ISA_USAGE = YES_ERROR;
				CLANG_WARN_DOCUMENTATION_COMMENTS = YES;
				CLANG_WARN_EMPTY_BODY = YES;
				CLANG_WARN_ENUM_CONVERSION = YES;
				CLANG_WARN_INFINITE_RECURSION = YES;
				CLANG_WARN_INT_CONVERSION = YES;
				CLANG_WARN_NON_LITERAL_NULL_CONVERSION = YES;
				CLANG_WARN_OBJC_IMPLICIT_RETAIN_SELF = YES;
				CLANG_WARN_OBJC_LITERAL_CONVERSION = YES;
				CLANG_WARN_OBJC_ROOT_CLASS = YES_ERROR;
				CLANG_WARN_RANGE_LOOP_ANALYSIS = YES;
				CLANG_WARN_STRICT_PROTOTYPES = YES;
				CLANG_WARN_SUSPICIOUS_MOVE = YES;
				CLANG_WARN_UNGUARDED_AVAILABILITY = YES_AGGRESSIVE;
				CLANG_WARN_UNREACHABLE_CODE = YES;
				CLANG_WARN__DUPLICATE_METHOD_MATCH = YES;
				COPY_PHASE_STRIP = NO;
				DEBUG_INFORMATION_FORMAT = "dwarf-with-dsym";
				ENABLE_NS_ASSERTIONS = NO;
				ENABLE_STRICT_OBJC_MSGSEND = YES;
				GCC_C_LANGUAGE_STANDARD = gnu11;
				GCC_NO_COMMON_BLOCKS = YES;
				GCC_WARN_64_TO_32_BIT_CONVERSION = YES;
				GCC_WARN_ABOUT_RETURN_TYPE = YES_ERROR;
				GCC_WARN_UNDECLARED_SELECTOR = YES;
				GCC_WARN_UNINITIALIZED_AUTOS = YES_AGGRESSIVE;
				GCC_WARN_UNUSED_FUNCTION = YES;
				GCC_WARN_UNUSED_VARIABLE = YES;
				IPHONEOS_DEPLOYMENT_TARGET = 10.0;
				MTL_ENABLE_DEBUG_INFO = NO;
				MTL_FAST_MATH = YES;
				SDKROOT = iphoneos;
				SWIFT_COMPILATION_MODE = wholemodule;
				SWIFT_OPTIMIZATION_LEVEL = "-O";
				VALIDATE_PRODUCT = YES;
			};
			name = Release;
		};
		769ABD6F23FCD1F900B5374F /* Debug */ = {
			isa = XCBuildConfiguration;
			buildSettings = {
				ASSETCATALOG_COMPILER_APPICON_NAME = AppIcon;
				CODE_SIGN_STYLE = Automatic;
				DEVELOPMENT_TEAM = 4B3FA9X6ZD;
				INFOPLIST_FILE = seopMemo/Info.plist;
				IPHONEOS_DEPLOYMENT_TARGET = 10.0;
				LD_RUNPATH_SEARCH_PATHS = (
					"$(inherited)",
					"@executable_path/Frameworks",
				);
				PRODUCT_BUNDLE_IDENTIFIER = minseop.seopMemo;
				PRODUCT_NAME = "$(TARGET_NAME)";
				SWIFT_VERSION = 5.0;
				TARGETED_DEVICE_FAMILY = "1,2";
			};
			name = Debug;
		};
		769ABD7023FCD1F900B5374F /* Release */ = {
			isa = XCBuildConfiguration;
			buildSettings = {
				ASSETCATALOG_COMPILER_APPICON_NAME = AppIcon;
				CODE_SIGN_STYLE = Automatic;
				DEVELOPMENT_TEAM = 4B3FA9X6ZD;
				INFOPLIST_FILE = seopMemo/Info.plist;
				IPHONEOS_DEPLOYMENT_TARGET = 10.0;
				LD_RUNPATH_SEARCH_PATHS = (
					"$(inherited)",
					"@executable_path/Frameworks",
				);
				PRODUCT_BUNDLE_IDENTIFIER = minseop.seopMemo;
				PRODUCT_NAME = "$(TARGET_NAME)";
				SWIFT_VERSION = 5.0;
				TARGETED_DEVICE_FAMILY = "1,2";
			};
			name = Release;
		};
/* End XCBuildConfiguration section */

/* Begin XCConfigurationList section */
		769ABD5523FCD1F700B5374F /* Build configuration list for PBXProject "seopMemo" */ = {
			isa = XCConfigurationList;
			buildConfigurations = (
				769ABD6C23FCD1F900B5374F /* Debug */,
				769ABD6D23FCD1F900B5374F /* Release */,
			);
			defaultConfigurationIsVisible = 0;
			defaultConfigurationName = Release;
		};
		769ABD6E23FCD1F900B5374F /* Build configuration list for PBXNativeTarget "seopMemo" */ = {
			isa = XCConfigurationList;
			buildConfigurations = (
				769ABD6F23FCD1F900B5374F /* Debug */,
				769ABD7023FCD1F900B5374F /* Release */,
			);
			defaultConfigurationIsVisible = 0;
			defaultConfigurationName = Release;
		};
/* End XCConfigurationList section */

/* Begin XCVersionGroup section */
		76E4822923FFDBEC00E0C009 /* seopMemo.xcdatamodeld */ = {
			isa = XCVersionGroup;
			children = (
				76E4822A23FFDBEC00E0C009 /* seopMemo.xcdatamodel */,
			);
			currentVersion = 76E4822A23FFDBEC00E0C009 /* seopMemo.xcdatamodel */;
			path = seopMemo.xcdatamodeld;
			sourceTree = "<group>";
			versionGroupType = wrapper.xcdatamodel;
		};
/* End XCVersionGroup section */
	};
	rootObject = 769ABD5223FCD1F700B5374F /* Project object */;
}
